// !$*UTF8*$!
{
	archiveVersion = 1;
	classes = {
	};
	objectVersion = 50;
	objects = {

/* Begin PBXBuildFile section */
		EF00D68621F07F1800E570AE /* HomeDetailController.swift in Sources */ = {isa = PBXBuildFile; fileRef = EF00D68521F07F1800E570AE /* HomeDetailController.swift */; };
		EF00D68821F07F5600E570AE /* HomeDetailViewModel.swift in Sources */ = {isa = PBXBuildFile; fileRef = EF00D68721F07F5600E570AE /* HomeDetailViewModel.swift */; };
		EFA096D421EE1A1300331C67 /* AppDelegate.swift in Sources */ = {isa = PBXBuildFile; fileRef = EFA096D321EE1A1300331C67 /* AppDelegate.swift */; };
		EFA096D921EE1A1300331C67 /* Main.storyboard in Resources */ = {isa = PBXBuildFile; fileRef = EFA096D721EE1A1300331C67 /* Main.storyboard */; };
		EFA096DB21EE1A1400331C67 /* Assets.xcassets in Resources */ = {isa = PBXBuildFile; fileRef = EFA096DA21EE1A1400331C67 /* Assets.xcassets */; };
		EFA096DE21EE1A1400331C67 /* LaunchScreen.storyboard in Resources */ = {isa = PBXBuildFile; fileRef = EFA096DC21EE1A1400331C67 /* LaunchScreen.storyboard */; };
		EFA0970B21EE1B7400331C67 /* PreviewingCoordinator.swift in Sources */ = {isa = PBXBuildFile; fileRef = EFA0970521EE1B7400331C67 /* PreviewingCoordinator.swift */; };
		EFA0970C21EE1B7400331C67 /* NavCoordinator.swift in Sources */ = {isa = PBXBuildFile; fileRef = EFA0970621EE1B7400331C67 /* NavCoordinator.swift */; };
		EFA0970D21EE1B7400331C67 /* TabCoordinator.swift in Sources */ = {isa = PBXBuildFile; fileRef = EFA0970721EE1B7400331C67 /* TabCoordinator.swift */; };
		EFA0970E21EE1B7400331C67 /* Coordinator.swift in Sources */ = {isa = PBXBuildFile; fileRef = EFA0970821EE1B7400331C67 /* Coordinator.swift */; };
		EFA0970F21EE1B7400331C67 /* StoryboardProtocol.swift in Sources */ = {isa = PBXBuildFile; fileRef = EFA0970A21EE1B7400331C67 /* StoryboardProtocol.swift */; };
		EFA0971121EE1C8600331C67 /* MainCoordinator.swift in Sources */ = {isa = PBXBuildFile; fileRef = EFA0971021EE1C8600331C67 /* MainCoordinator.swift */; };
		EFA0971321EE1CE700331C67 /* TabBarController.swift in Sources */ = {isa = PBXBuildFile; fileRef = EFA0971221EE1CE700331C67 /* TabBarController.swift */; };
		EFA0971621EE1D9800331C67 /* WelcomePageController.swift in Sources */ = {isa = PBXBuildFile; fileRef = EFA0971521EE1D9800331C67 /* WelcomePageController.swift */; };
		EFA0971B21EE1E2000331C67 /* TabBarCoordinator.swift in Sources */ = {isa = PBXBuildFile; fileRef = EFA0971A21EE1E2000331C67 /* TabBarCoordinator.swift */; };
		EFA0971D21EE1E6F00331C67 /* HomeCoordinator.swift in Sources */ = {isa = PBXBuildFile; fileRef = EFA0971C21EE1E6E00331C67 /* HomeCoordinator.swift */; };
		EFA0971F21EE1E9600331C67 /* MenuCoordinator.swift in Sources */ = {isa = PBXBuildFile; fileRef = EFA0971E21EE1E9600331C67 /* MenuCoordinator.swift */; };
		EFA0972121EE1ECA00331C67 /* SettingsCoordinator.swift in Sources */ = {isa = PBXBuildFile; fileRef = EFA0972021EE1ECA00331C67 /* SettingsCoordinator.swift */; };
		EFA0972621EE207100331C67 /* ViewModelController.swift in Sources */ = {isa = PBXBuildFile; fileRef = EFA0972421EE207000331C67 /* ViewModelController.swift */; };
		EFA0972721EE207100331C67 /* ViewModelProtocol.swift in Sources */ = {isa = PBXBuildFile; fileRef = EFA0972521EE207000331C67 /* ViewModelProtocol.swift */; };
		EFA0972921EE209700331C67 /* WelcomePageViewModel.swift in Sources */ = {isa = PBXBuildFile; fileRef = EFA0972821EE209700331C67 /* WelcomePageViewModel.swift */; };
		EFA0972B21EE220400331C67 /* Menu.storyboard in Resources */ = {isa = PBXBuildFile; fileRef = EFA0972A21EE220400331C67 /* Menu.storyboard */; };
		EFA0972D21EE222700331C67 /* MenuController.swift in Sources */ = {isa = PBXBuildFile; fileRef = EFA0972C21EE222600331C67 /* MenuController.swift */; };
		EFA0972F21EE223B00331C67 /* HomeController.swift in Sources */ = {isa = PBXBuildFile; fileRef = EFA0972E21EE223B00331C67 /* HomeController.swift */; };
		EFA0973121EE225500331C67 /* SettingsController.swift in Sources */ = {isa = PBXBuildFile; fileRef = EFA0973021EE225500331C67 /* SettingsController.swift */; };
		EFA0973321EE228900331C67 /* Home.storyboard in Resources */ = {isa = PBXBuildFile; fileRef = EFA0973221EE228900331C67 /* Home.storyboard */; };
		EFA0973521EE22A200331C67 /* Settings.storyboard in Resources */ = {isa = PBXBuildFile; fileRef = EFA0973421EE22A200331C67 /* Settings.storyboard */; };
		EFA0973721EE22EE00331C67 /* MenuViewModel.swift in Sources */ = {isa = PBXBuildFile; fileRef = EFA0973621EE22EE00331C67 /* MenuViewModel.swift */; };
		EFA0973921EE237E00331C67 /* HomeViewModel.swift in Sources */ = {isa = PBXBuildFile; fileRef = EFA0973821EE237E00331C67 /* HomeViewModel.swift */; };
		EFA0973B21EE23E300331C67 /* SettingsViewModel.swift in Sources */ = {isa = PBXBuildFile; fileRef = EFA0973A21EE23E300331C67 /* SettingsViewModel.swift */; };
		EFA0973D21EE260900331C67 /* CoordinatorTests.swift in Sources */ = {isa = PBXBuildFile; fileRef = EFA0973C21EE260900331C67 /* CoordinatorTests.swift */; };
		EFA0974321EE26A700331C67 /* XCTestCase+ReplaceCoordinator.swift in Sources */ = {isa = PBXBuildFile; fileRef = EFA0974221EE26A700331C67 /* XCTestCase+ReplaceCoordinator.swift */; };
		EFA0974521EE26B000331C67 /* XCTestCase+WaitUIKit.swift in Sources */ = {isa = PBXBuildFile; fileRef = EFA0974421EE26B000331C67 /* XCTestCase+WaitUIKit.swift */; };
/* End PBXBuildFile section */

/* Begin PBXContainerItemProxy section */
		EFA096E521EE1A1400331C67 /* PBXContainerItemProxy */ = {
			isa = PBXContainerItemProxy;
			containerPortal = EFA096C821EE1A1300331C67 /* Project object */;
			proxyType = 1;
			remoteGlobalIDString = EFA096CF21EE1A1300331C67;
			remoteInfo = "Coordinator-Example";
		};
/* End PBXContainerItemProxy section */

/* Begin PBXFileReference section */
		EF00D68521F07F1800E570AE /* HomeDetailController.swift */ = {isa = PBXFileReference; lastKnownFileType = sourcecode.swift; path = HomeDetailController.swift; sourceTree = "<group>"; };
		EF00D68721F07F5600E570AE /* HomeDetailViewModel.swift */ = {isa = PBXFileReference; lastKnownFileType = sourcecode.swift; path = HomeDetailViewModel.swift; sourceTree = "<group>"; };
		EFA096D021EE1A1300331C67 /* Coordinator-Example.app */ = {isa = PBXFileReference; explicitFileType = wrapper.application; includeInIndex = 0; path = "Coordinator-Example.app"; sourceTree = BUILT_PRODUCTS_DIR; };
		EFA096D321EE1A1300331C67 /* AppDelegate.swift */ = {isa = PBXFileReference; lastKnownFileType = sourcecode.swift; path = AppDelegate.swift; sourceTree = "<group>"; };
		EFA096D821EE1A1300331C67 /* Base */ = {isa = PBXFileReference; lastKnownFileType = file.storyboard; name = Base; path = Base.lproj/Main.storyboard; sourceTree = "<group>"; };
		EFA096DA21EE1A1400331C67 /* Assets.xcassets */ = {isa = PBXFileReference; lastKnownFileType = folder.assetcatalog; path = Assets.xcassets; sourceTree = "<group>"; };
		EFA096DD21EE1A1400331C67 /* Base */ = {isa = PBXFileReference; lastKnownFileType = file.storyboard; name = Base; path = Base.lproj/LaunchScreen.storyboard; sourceTree = "<group>"; };
		EFA096DF21EE1A1400331C67 /* Info.plist */ = {isa = PBXFileReference; lastKnownFileType = text.plist.xml; path = Info.plist; sourceTree = "<group>"; };
		EFA096E421EE1A1400331C67 /* Coordinator-ExampleTests.xctest */ = {isa = PBXFileReference; explicitFileType = wrapper.cfbundle; includeInIndex = 0; path = "Coordinator-ExampleTests.xctest"; sourceTree = BUILT_PRODUCTS_DIR; };
		EFA096EA21EE1A1400331C67 /* Info.plist */ = {isa = PBXFileReference; lastKnownFileType = text.plist.xml; path = Info.plist; sourceTree = "<group>"; };
		EFA0970521EE1B7400331C67 /* PreviewingCoordinator.swift */ = {isa = PBXFileReference; fileEncoding = 4; lastKnownFileType = sourcecode.swift; path = PreviewingCoordinator.swift; sourceTree = "<group>"; };
		EFA0970621EE1B7400331C67 /* NavCoordinator.swift */ = {isa = PBXFileReference; fileEncoding = 4; lastKnownFileType = sourcecode.swift; path = NavCoordinator.swift; sourceTree = "<group>"; };
		EFA0970721EE1B7400331C67 /* TabCoordinator.swift */ = {isa = PBXFileReference; fileEncoding = 4; lastKnownFileType = sourcecode.swift; path = TabCoordinator.swift; sourceTree = "<group>"; };
		EFA0970821EE1B7400331C67 /* Coordinator.swift */ = {isa = PBXFileReference; fileEncoding = 4; lastKnownFileType = sourcecode.swift; path = Coordinator.swift; sourceTree = "<group>"; };
		EFA0970A21EE1B7400331C67 /* StoryboardProtocol.swift */ = {isa = PBXFileReference; fileEncoding = 4; lastKnownFileType = sourcecode.swift; path = StoryboardProtocol.swift; sourceTree = "<group>"; };
		EFA0971021EE1C8600331C67 /* MainCoordinator.swift */ = {isa = PBXFileReference; lastKnownFileType = sourcecode.swift; path = MainCoordinator.swift; sourceTree = "<group>"; };
		EFA0971221EE1CE700331C67 /* TabBarController.swift */ = {isa = PBXFileReference; fileEncoding = 4; lastKnownFileType = sourcecode.swift; path = TabBarController.swift; sourceTree = "<group>"; };
		EFA0971521EE1D9800331C67 /* WelcomePageController.swift */ = {isa = PBXFileReference; lastKnownFileType = sourcecode.swift; path = WelcomePageController.swift; sourceTree = "<group>"; };
		EFA0971A21EE1E2000331C67 /* TabBarCoordinator.swift */ = {isa = PBXFileReference; fileEncoding = 4; lastKnownFileType = sourcecode.swift; path = TabBarCoordinator.swift; sourceTree = "<group>"; };
		EFA0971C21EE1E6E00331C67 /* HomeCoordinator.swift */ = {isa = PBXFileReference; fileEncoding = 4; lastKnownFileType = sourcecode.swift; path = HomeCoordinator.swift; sourceTree = "<group>"; };
		EFA0971E21EE1E9600331C67 /* MenuCoordinator.swift */ = {isa = PBXFileReference; fileEncoding = 4; lastKnownFileType = sourcecode.swift; path = MenuCoordinator.swift; sourceTree = "<group>"; };
		EFA0972021EE1ECA00331C67 /* SettingsCoordinator.swift */ = {isa = PBXFileReference; fileEncoding = 4; lastKnownFileType = sourcecode.swift; name = SettingsCoordinator.swift; path = "Coordinator-Example/Sections/Settings/SettingsCoordinator.swift"; sourceTree = SOURCE_ROOT; };
		EFA0972421EE207000331C67 /* ViewModelController.swift */ = {isa = PBXFileReference; fileEncoding = 4; lastKnownFileType = sourcecode.swift; path = ViewModelController.swift; sourceTree = "<group>"; };
		EFA0972521EE207000331C67 /* ViewModelProtocol.swift */ = {isa = PBXFileReference; fileEncoding = 4; lastKnownFileType = sourcecode.swift; path = ViewModelProtocol.swift; sourceTree = "<group>"; };
		EFA0972821EE209700331C67 /* WelcomePageViewModel.swift */ = {isa = PBXFileReference; fileEncoding = 4; lastKnownFileType = sourcecode.swift; path = WelcomePageViewModel.swift; sourceTree = "<group>"; };
		EFA0972A21EE220400331C67 /* Menu.storyboard */ = {isa = PBXFileReference; lastKnownFileType = file.storyboard; path = Menu.storyboard; sourceTree = "<group>"; };
		EFA0972C21EE222600331C67 /* MenuController.swift */ = {isa = PBXFileReference; lastKnownFileType = sourcecode.swift; path = MenuController.swift; sourceTree = "<group>"; };
		EFA0972E21EE223B00331C67 /* HomeController.swift */ = {isa = PBXFileReference; lastKnownFileType = sourcecode.swift; path = HomeController.swift; sourceTree = "<group>"; };
		EFA0973021EE225500331C67 /* SettingsController.swift */ = {isa = PBXFileReference; lastKnownFileType = sourcecode.swift; path = SettingsController.swift; sourceTree = "<group>"; };
		EFA0973221EE228900331C67 /* Home.storyboard */ = {isa = PBXFileReference; lastKnownFileType = file.storyboard; path = Home.storyboard; sourceTree = "<group>"; };
		EFA0973421EE22A200331C67 /* Settings.storyboard */ = {isa = PBXFileReference; lastKnownFileType = file.storyboard; path = Settings.storyboard; sourceTree = "<group>"; };
		EFA0973621EE22EE00331C67 /* MenuViewModel.swift */ = {isa = PBXFileReference; lastKnownFileType = sourcecode.swift; path = MenuViewModel.swift; sourceTree = "<group>"; };
		EFA0973821EE237E00331C67 /* HomeViewModel.swift */ = {isa = PBXFileReference; lastKnownFileType = sourcecode.swift; path = HomeViewModel.swift; sourceTree = "<group>"; };
		EFA0973A21EE23E300331C67 /* SettingsViewModel.swift */ = {isa = PBXFileReference; lastKnownFileType = sourcecode.swift; path = SettingsViewModel.swift; sourceTree = "<group>"; };
		EFA0973C21EE260900331C67 /* CoordinatorTests.swift */ = {isa = PBXFileReference; fileEncoding = 4; lastKnownFileType = sourcecode.swift; path = CoordinatorTests.swift; sourceTree = "<group>"; };
		EFA0974221EE26A700331C67 /* XCTestCase+ReplaceCoordinator.swift */ = {isa = PBXFileReference; fileEncoding = 4; lastKnownFileType = sourcecode.swift; path = "XCTestCase+ReplaceCoordinator.swift"; sourceTree = "<group>"; };
		EFA0974421EE26B000331C67 /* XCTestCase+WaitUIKit.swift */ = {isa = PBXFileReference; fileEncoding = 4; lastKnownFileType = sourcecode.swift; path = "XCTestCase+WaitUIKit.swift"; sourceTree = "<group>"; };
/* End PBXFileReference section */

/* Begin PBXFrameworksBuildPhase section */
		EFA096CD21EE1A1300331C67 /* Frameworks */ = {
			isa = PBXFrameworksBuildPhase;
			buildActionMask = 2147483647;
			files = (
			);
			runOnlyForDeploymentPostprocessing = 0;
		};
		EFA096E121EE1A1400331C67 /* Frameworks */ = {
			isa = PBXFrameworksBuildPhase;
			buildActionMask = 2147483647;
			files = (
			);
			runOnlyForDeploymentPostprocessing = 0;
		};
/* End PBXFrameworksBuildPhase section */

/* Begin PBXGroup section */
		EF00D68421F07EFE00E570AE /* Detail */ = {
			isa = PBXGroup;
			children = (
				EF00D68721F07F5600E570AE /* HomeDetailViewModel.swift */,
				EF00D68521F07F1800E570AE /* HomeDetailController.swift */,
			);
			path = Detail;
			sourceTree = "<group>";
		};
		EF38993F21EE797F00ADACF9 /* MVVM */ = {
			isa = PBXGroup;
			children = (
				EFA0972421EE207000331C67 /* ViewModelController.swift */,
				EFA0972521EE207000331C67 /* ViewModelProtocol.swift */,
			);
			path = MVVM;
			sourceTree = "<group>";
		};
		EFA096C721EE1A1300331C67 = {
			isa = PBXGroup;
			children = (
				EFA096D221EE1A1300331C67 /* Coordinator-Example */,
				EFA096E721EE1A1400331C67 /* Coordinator-ExampleTests */,
				EFA096D121EE1A1300331C67 /* Products */,
			);
			sourceTree = "<group>";
		};
		EFA096D121EE1A1300331C67 /* Products */ = {
			isa = PBXGroup;
			children = (
				EFA096D021EE1A1300331C67 /* Coordinator-Example.app */,
				EFA096E421EE1A1400331C67 /* Coordinator-ExampleTests.xctest */,
			);
			name = Products;
			sourceTree = "<group>";
		};
		EFA096D221EE1A1300331C67 /* Coordinator-Example */ = {
			isa = PBXGroup;
			children = (
				EFA096D321EE1A1300331C67 /* AppDelegate.swift */,
				EFA0971021EE1C8600331C67 /* MainCoordinator.swift */,
				EFA096D721EE1A1300331C67 /* Main.storyboard */,
				EFA0972821EE209700331C67 /* WelcomePageViewModel.swift */,
				EFA0971521EE1D9800331C67 /* WelcomePageController.swift */,
				EFA0971421EE1D7A00331C67 /* Sections */,
				EFA096F321EE1B0300331C67 /* Utility */,
				EFA096DA21EE1A1400331C67 /* Assets.xcassets */,
				EFA096DC21EE1A1400331C67 /* LaunchScreen.storyboard */,
				EFA096DF21EE1A1400331C67 /* Info.plist */,
			);
			path = "Coordinator-Example";
			sourceTree = "<group>";
		};
		EFA096E721EE1A1400331C67 /* Coordinator-ExampleTests */ = {
			isa = PBXGroup;
			children = (
				EFA0973F21EE268100331C67 /* Utility */,
				EFA0974021EE269100331C67 /* Test utility */,
				EFA096EA21EE1A1400331C67 /* Info.plist */,
			);
			path = "Coordinator-ExampleTests";
			sourceTree = "<group>";
		};
		EFA096F321EE1B0300331C67 /* Utility */ = {
			isa = PBXGroup;
			children = (
				EFA0970321EE1B7400331C67 /* Protocols */,
			);
			path = Utility;
			sourceTree = "<group>";
		};
		EFA0970321EE1B7400331C67 /* Protocols */ = {
			isa = PBXGroup;
			children = (
				EFA0970421EE1B7400331C67 /* Coordinator */,
				EF38993F21EE797F00ADACF9 /* MVVM */,
				EFA0970921EE1B7400331C67 /* Utility */,
			);
			name = Protocols;
			path = ../../Protocols;
			sourceTree = "<group>";
		};
		EFA0970421EE1B7400331C67 /* Coordinator */ = {
			isa = PBXGroup;
			children = (
				EFA0970821EE1B7400331C67 /* Coordinator.swift */,
				EFA0970621EE1B7400331C67 /* NavCoordinator.swift */,
				EFA0970521EE1B7400331C67 /* PreviewingCoordinator.swift */,
				EFA0970721EE1B7400331C67 /* TabCoordinator.swift */,
			);
			path = Coordinator;
			sourceTree = "<group>";
		};
		EFA0970921EE1B7400331C67 /* Utility */ = {
			isa = PBXGroup;
			children = (
				EFA0970A21EE1B7400331C67 /* StoryboardProtocol.swift */,
			);
			path = Utility;
			sourceTree = "<group>";
		};
		EFA0971421EE1D7A00331C67 /* Sections */ = {
			isa = PBXGroup;
			children = (
				EFA0971A21EE1E2000331C67 /* TabBarCoordinator.swift */,
				EFA0971221EE1CE700331C67 /* TabBarController.swift */,
				EFA0971721EE1DEF00331C67 /* Menu */,
				EFA0971821EE1DF900331C67 /* Home */,
				EFA0971921EE1E0700331C67 /* Settings */,
			);
			path = Sections;
			sourceTree = "<group>";
		};
		EFA0971721EE1DEF00331C67 /* Menu */ = {
			isa = PBXGroup;
			children = (
				EFA0972A21EE220400331C67 /* Menu.storyboard */,
				EFA0971E21EE1E9600331C67 /* MenuCoordinator.swift */,
				EFA0973621EE22EE00331C67 /* MenuViewModel.swift */,
				EFA0972C21EE222600331C67 /* MenuController.swift */,
			);
			path = Menu;
			sourceTree = "<group>";
		};
		EFA0971821EE1DF900331C67 /* Home */ = {
			isa = PBXGroup;
			children = (
				EF00D68421F07EFE00E570AE /* Detail */,
				EFA0973221EE228900331C67 /* Home.storyboard */,
				EFA0971C21EE1E6E00331C67 /* HomeCoordinator.swift */,
				EFA0973821EE237E00331C67 /* HomeViewModel.swift */,
				EFA0972E21EE223B00331C67 /* HomeController.swift */,
			);
			path = Home;
			sourceTree = "<group>";
		};
		EFA0971921EE1E0700331C67 /* Settings */ = {
			isa = PBXGroup;
			children = (
				EFA0973421EE22A200331C67 /* Settings.storyboard */,
				EFA0972021EE1ECA00331C67 /* SettingsCoordinator.swift */,
				EFA0973A21EE23E300331C67 /* SettingsViewModel.swift */,
				EFA0973021EE225500331C67 /* SettingsController.swift */,
			);
			path = Settings;
			sourceTree = "<group>";
		};
		EFA0973E21EE267600331C67 /* Protocols */ = {
			isa = PBXGroup;
			children = (
				EFA0973C21EE260900331C67 /* CoordinatorTests.swift */,
			);
			path = Protocols;
			sourceTree = "<group>";
		};
		EFA0973F21EE268100331C67 /* Utility */ = {
			isa = PBXGroup;
			children = (
				EFA0973E21EE267600331C67 /* Protocols */,
			);
			path = Utility;
			sourceTree = "<group>";
		};
		EFA0974021EE269100331C67 /* Test utility */ = {
			isa = PBXGroup;
			children = (
				EFA0974121EE269D00331C67 /* Extensions */,
			);
			path = "Test utility";
			sourceTree = "<group>";
		};
		EFA0974121EE269D00331C67 /* Extensions */ = {
			isa = PBXGroup;
			children = (
				EFA0974221EE26A700331C67 /* XCTestCase+ReplaceCoordinator.swift */,
				EFA0974421EE26B000331C67 /* XCTestCase+WaitUIKit.swift */,
			);
			path = Extensions;
			sourceTree = "<group>";
		};
/* End PBXGroup section */

/* Begin PBXNativeTarget section */
		EFA096CF21EE1A1300331C67 /* Coordinator-Example */ = {
			isa = PBXNativeTarget;
			buildConfigurationList = EFA096ED21EE1A1400331C67 /* Build configuration list for PBXNativeTarget "Coordinator-Example" */;
			buildPhases = (
				EFA096CC21EE1A1300331C67 /* Sources */,
				EFA096CD21EE1A1300331C67 /* Frameworks */,
				EFA096CE21EE1A1300331C67 /* Resources */,
			);
			buildRules = (
			);
			dependencies = (
			);
			name = "Coordinator-Example";
			productName = "Coordinator-Example";
			productReference = EFA096D021EE1A1300331C67 /* Coordinator-Example.app */;
			productType = "com.apple.product-type.application";
		};
		EFA096E321EE1A1400331C67 /* Coordinator-ExampleTests */ = {
			isa = PBXNativeTarget;
			buildConfigurationList = EFA096F021EE1A1400331C67 /* Build configuration list for PBXNativeTarget "Coordinator-ExampleTests" */;
			buildPhases = (
				EFA096E021EE1A1400331C67 /* Sources */,
				EFA096E121EE1A1400331C67 /* Frameworks */,
				EFA096E221EE1A1400331C67 /* Resources */,
			);
			buildRules = (
			);
			dependencies = (
				EFA096E621EE1A1400331C67 /* PBXTargetDependency */,
			);
			name = "Coordinator-ExampleTests";
			productName = "Coordinator-ExampleTests";
			productReference = EFA096E421EE1A1400331C67 /* Coordinator-ExampleTests.xctest */;
			productType = "com.apple.product-type.bundle.unit-test";
		};
/* End PBXNativeTarget section */

/* Begin PBXProject section */
		EFA096C821EE1A1300331C67 /* Project object */ = {
			isa = PBXProject;
			attributes = {
				LastSwiftUpdateCheck = 1010;
				LastUpgradeCheck = 1010;
				ORGANIZATIONNAME = "Giulio Lombardo";
				TargetAttributes = {
					EFA096CF21EE1A1300331C67 = {
						CreatedOnToolsVersion = 10.1;
					};
					EFA096E321EE1A1400331C67 = {
						CreatedOnToolsVersion = 10.1;
						TestTargetID = EFA096CF21EE1A1300331C67;
					};
				};
			};
			buildConfigurationList = EFA096CB21EE1A1300331C67 /* Build configuration list for PBXProject "Coordinator-Example" */;
			compatibilityVersion = "Xcode 9.3";
			developmentRegion = en;
			hasScannedForEncodings = 0;
			knownRegions = (
				en,
				Base,
			);
			mainGroup = EFA096C721EE1A1300331C67;
			productRefGroup = EFA096D121EE1A1300331C67 /* Products */;
			projectDirPath = "";
			projectRoot = "";
			targets = (
				EFA096CF21EE1A1300331C67 /* Coordinator-Example */,
				EFA096E321EE1A1400331C67 /* Coordinator-ExampleTests */,
			);
		};
/* End PBXProject section */

/* Begin PBXResourcesBuildPhase section */
		EFA096CE21EE1A1300331C67 /* Resources */ = {
			isa = PBXResourcesBuildPhase;
			buildActionMask = 2147483647;
			files = (
				EFA096DE21EE1A1400331C67 /* LaunchScreen.storyboard in Resources */,
				EFA0973321EE228900331C67 /* Home.storyboard in Resources */,
				EFA096DB21EE1A1400331C67 /* Assets.xcassets in Resources */,
				EFA0973521EE22A200331C67 /* Settings.storyboard in Resources */,
				EFA096D921EE1A1300331C67 /* Main.storyboard in Resources */,
				EFA0972B21EE220400331C67 /* Menu.storyboard in Resources */,
			);
			runOnlyForDeploymentPostprocessing = 0;
		};
		EFA096E221EE1A1400331C67 /* Resources */ = {
			isa = PBXResourcesBuildPhase;
			buildActionMask = 2147483647;
			files = (
			);
			runOnlyForDeploymentPostprocessing = 0;
		};
/* End PBXResourcesBuildPhase section */

/* Begin PBXSourcesBuildPhase section */
		EFA096CC21EE1A1300331C67 /* Sources */ = {
			isa = PBXSourcesBuildPhase;
			buildActionMask = 2147483647;
			files = (
				EFA0970D21EE1B7400331C67 /* TabCoordinator.swift in Sources */,
				EFA0972D21EE222700331C67 /* MenuController.swift in Sources */,
				EFA0971F21EE1E9600331C67 /* MenuCoordinator.swift in Sources */,
				EFA0973721EE22EE00331C67 /* MenuViewModel.swift in Sources */,
				EFA0972621EE207100331C67 /* ViewModelController.swift in Sources */,
				EFA0972121EE1ECA00331C67 /* SettingsCoordinator.swift in Sources */,
				EFA0971121EE1C8600331C67 /* MainCoordinator.swift in Sources */,
				EFA0970C21EE1B7400331C67 /* NavCoordinator.swift in Sources */,
				EFA0971321EE1CE700331C67 /* TabBarController.swift in Sources */,
				EFA0970E21EE1B7400331C67 /* Coordinator.swift in Sources */,
				EFA0970B21EE1B7400331C67 /* PreviewingCoordinator.swift in Sources */,
				EFA0971621EE1D9800331C67 /* WelcomePageController.swift in Sources */,
				EFA0972921EE209700331C67 /* WelcomePageViewModel.swift in Sources */,
				EFA096D421EE1A1300331C67 /* AppDelegate.swift in Sources */,
				EFA0972721EE207100331C67 /* ViewModelProtocol.swift in Sources */,
				EF00D68621F07F1800E570AE /* HomeDetailController.swift in Sources */,
				EFA0972F21EE223B00331C67 /* HomeController.swift in Sources */,
				EFA0973921EE237E00331C67 /* HomeViewModel.swift in Sources */,
				EFA0973121EE225500331C67 /* SettingsController.swift in Sources */,
				EFA0971B21EE1E2000331C67 /* TabBarCoordinator.swift in Sources */,
				EF00D68821F07F5600E570AE /* HomeDetailViewModel.swift in Sources */,
				EFA0973B21EE23E300331C67 /* SettingsViewModel.swift in Sources */,
				EFA0970F21EE1B7400331C67 /* StoryboardProtocol.swift in Sources */,
				EFA0971D21EE1E6F00331C67 /* HomeCoordinator.swift in Sources */,
			);
			runOnlyForDeploymentPostprocessing = 0;
		};
		EFA096E021EE1A1400331C67 /* Sources */ = {
			isa = PBXSourcesBuildPhase;
			buildActionMask = 2147483647;
			files = (
				EFA0974521EE26B000331C67 /* XCTestCase+WaitUIKit.swift in Sources */,
				EFA0974321EE26A700331C67 /* XCTestCase+ReplaceCoordinator.swift in Sources */,
				EFA0973D21EE260900331C67 /* CoordinatorTests.swift in Sources */,
			);
			runOnlyForDeploymentPostprocessing = 0;
		};
/* End PBXSourcesBuildPhase section */

/* Begin PBXTargetDependency section */
		EFA096E621EE1A1400331C67 /* PBXTargetDependency */ = {
			isa = PBXTargetDependency;
			target = EFA096CF21EE1A1300331C67 /* Coordinator-Example */;
			targetProxy = EFA096E521EE1A1400331C67 /* PBXContainerItemProxy */;
		};
/* End PBXTargetDependency section */

/* Begin PBXVariantGroup section */
		EFA096D721EE1A1300331C67 /* Main.storyboard */ = {
			isa = PBXVariantGroup;
			children = (
				EFA096D821EE1A1300331C67 /* Base */,
			);
			name = Main.storyboard;
			sourceTree = "<group>";
		};
		EFA096DC21EE1A1400331C67 /* LaunchScreen.storyboard */ = {
			isa = PBXVariantGroup;
			children = (
				EFA096DD21EE1A1400331C67 /* Base */,
			);
			name = LaunchScreen.storyboard;
			sourceTree = "<group>";
		};
/* End PBXVariantGroup section */

/* Begin XCBuildConfiguration section */
		EFA096EB21EE1A1400331C67 /* Debug */ = {
			isa = XCBuildConfiguration;
			buildSettings = {
				ALWAYS_SEARCH_USER_PATHS = NO;
				CLANG_ANALYZER_NONNULL = YES;
				CLANG_ANALYZER_NUMBER_OBJECT_CONVERSION = YES_AGGRESSIVE;
				CLANG_CXX_LANGUAGE_STANDARD = "gnu++14";
				CLANG_CXX_LIBRARY = "libc++";
				CLANG_ENABLE_MODULES = YES;
				CLANG_ENABLE_OBJC_ARC = YES;
				CLANG_ENABLE_OBJC_WEAK = YES;
				CLANG_WARN_BLOCK_CAPTURE_AUTORELEASING = YES;
				CLANG_WARN_BOOL_CONVERSION = YES;
				CLANG_WARN_COMMA = YES;
				CLANG_WARN_CONSTANT_CONVERSION = YES;
				CLANG_WARN_DEPRECATED_OBJC_IMPLEMENTATIONS = YES;
				CLANG_WARN_DIRECT_OBJC_ISA_USAGE = YES_ERROR;
				CLANG_WARN_DOCUMENTATION_COMMENTS = YES;
				CLANG_WARN_EMPTY_BODY = YES;
				CLANG_WARN_ENUM_CONVERSION = YES;
				CLANG_WARN_INFINITE_RECURSION = YES;
				CLANG_WARN_INT_CONVERSION = YES;
				CLANG_WARN_NON_LITERAL_NULL_CONVERSION = YES;
				CLANG_WARN_OBJC_IMPLICIT_RETAIN_SELF = YES;
				CLANG_WARN_OBJC_LITERAL_CONVERSION = YES;
				CLANG_WARN_OBJC_ROOT_CLASS = YES_ERROR;
				CLANG_WARN_RANGE_LOOP_ANALYSIS = YES;
				CLANG_WARN_STRICT_PROTOTYPES = YES;
				CLANG_WARN_SUSPICIOUS_MOVE = YES;
				CLANG_WARN_UNGUARDED_AVAILABILITY = YES_AGGRESSIVE;
				CLANG_WARN_UNREACHABLE_CODE = YES;
				CLANG_WARN__DUPLICATE_METHOD_MATCH = YES;
				CODE_SIGN_IDENTITY = "iPhone Developer";
				COPY_PHASE_STRIP = NO;
				DEBUG_INFORMATION_FORMAT = dwarf;
				ENABLE_STRICT_OBJC_MSGSEND = YES;
				ENABLE_TESTABILITY = YES;
				GCC_C_LANGUAGE_STANDARD = gnu11;
				GCC_DYNAMIC_NO_PIC = NO;
				GCC_NO_COMMON_BLOCKS = YES;
				GCC_OPTIMIZATION_LEVEL = 0;
				GCC_PREPROCESSOR_DEFINITIONS = (
					"DEBUG=1",
					"$(inherited)",
				);
				GCC_WARN_64_TO_32_BIT_CONVERSION = YES;
				GCC_WARN_ABOUT_RETURN_TYPE = YES_ERROR;
				GCC_WARN_UNDECLARED_SELECTOR = YES;
				GCC_WARN_UNINITIALIZED_AUTOS = YES_AGGRESSIVE;
				GCC_WARN_UNUSED_FUNCTION = YES;
				GCC_WARN_UNUSED_VARIABLE = YES;
				IPHONEOS_DEPLOYMENT_TARGET = 8.0;
				MTL_ENABLE_DEBUG_INFO = INCLUDE_SOURCE;
				MTL_FAST_MATH = YES;
				ONLY_ACTIVE_ARCH = YES;
				SDKROOT = iphoneos;
				SWIFT_ACTIVE_COMPILATION_CONDITIONS = DEBUG;
				SWIFT_OPTIMIZATION_LEVEL = "-Onone";
			};
			name = Debug;
		};
		EFA096EC21EE1A1400331C67 /* Release */ = {
			isa = XCBuildConfiguration;
			buildSettings = {
				ALWAYS_SEARCH_USER_PATHS = NO;
				CLANG_ANALYZER_NONNULL = YES;
				CLANG_ANALYZER_NUMBER_OBJECT_CONVERSION = YES_AGGRESSIVE;
				CLANG_CXX_LANGUAGE_STANDARD = "gnu++14";
				CLANG_CXX_LIBRARY = "libc++";
				CLANG_ENABLE_MODULES = YES;
				CLANG_ENABLE_OBJC_ARC = YES;
				CLANG_ENABLE_OBJC_WEAK = YES;
				CLANG_WARN_BLOCK_CAPTURE_AUTORELEASING = YES;
				CLANG_WARN_BOOL_CONVERSION = YES;
				CLANG_WARN_COMMA = YES;
				CLANG_WARN_CONSTANT_CONVERSION = YES;
				CLANG_WARN_DEPRECATED_OBJC_IMPLEMENTATIONS = YES;
				CLANG_WARN_DIRECT_OBJC_ISA_USAGE = YES_ERROR;
				CLANG_WARN_DOCUMENTATION_COMMENTS = YES;
				CLANG_WARN_EMPTY_BODY = YES;
				CLANG_WARN_ENUM_CONVERSION = YES;
				CLANG_WARN_INFINITE_RECURSION = YES;
				CLANG_WARN_INT_CONVERSION = YES;
				CLANG_WARN_NON_LITERAL_NULL_CONVERSION = YES;
				CLANG_WARN_OBJC_IMPLICIT_RETAIN_SELF = YES;
				CLANG_WARN_OBJC_LITERAL_CONVERSION = YES;
				CLANG_WARN_OBJC_ROOT_CLASS = YES_ERROR;
				CLANG_WARN_RANGE_LOOP_ANALYSIS = YES;
				CLANG_WARN_STRICT_PROTOTYPES = YES;
				CLANG_WARN_SUSPICIOUS_MOVE = YES;
				CLANG_WARN_UNGUARDED_AVAILABILITY = YES_AGGRESSIVE;
				CLANG_WARN_UNREACHABLE_CODE = YES;
				CLANG_WARN__DUPLICATE_METHOD_MATCH = YES;
				CODE_SIGN_IDENTITY = "iPhone Developer";
				COPY_PHASE_STRIP = NO;
				DEBUG_INFORMATION_FORMAT = "dwarf-with-dsym";
				ENABLE_NS_ASSERTIONS = NO;
				ENABLE_STRICT_OBJC_MSGSEND = YES;
				GCC_C_LANGUAGE_STANDARD = gnu11;
				GCC_NO_COMMON_BLOCKS = YES;
				GCC_WARN_64_TO_32_BIT_CONVERSION = YES;
				GCC_WARN_ABOUT_RETURN_TYPE = YES_ERROR;
				GCC_WARN_UNDECLARED_SELECTOR = YES;
				GCC_WARN_UNINITIALIZED_AUTOS = YES_AGGRESSIVE;
				GCC_WARN_UNUSED_FUNCTION = YES;
				GCC_WARN_UNUSED_VARIABLE = YES;
				IPHONEOS_DEPLOYMENT_TARGET = 8.0;
				MTL_ENABLE_DEBUG_INFO = NO;
				MTL_FAST_MATH = YES;
				SDKROOT = iphoneos;
				SWIFT_COMPILATION_MODE = wholemodule;
				SWIFT_OPTIMIZATION_LEVEL = "-O";
				VALIDATE_PRODUCT = YES;
			};
			name = Release;
		};
		EFA096EE21EE1A1400331C67 /* Debug */ = {
			isa = XCBuildConfiguration;
			buildSettings = {
				ASSETCATALOG_COMPILER_APPICON_NAME = AppIcon;
				CODE_SIGN_STYLE = Automatic;
				DEVELOPMENT_TEAM = S8F5XKTTCW;
				INFOPLIST_FILE = "Coordinator-Example/Info.plist";
				LD_RUNPATH_SEARCH_PATHS = (
					"$(inherited)",
					"@executable_path/Frameworks",
				);
				PRODUCT_BUNDLE_IDENTIFIER = "giulio92.Coordinator-Example";
				PRODUCT_NAME = "$(TARGET_NAME)";
				SWIFT_VERSION = 4.2;
				TARGETED_DEVICE_FAMILY = "1,2";
			};
			name = Debug;
		};
		EFA096EF21EE1A1400331C67 /* Release */ = {
			isa = XCBuildConfiguration;
			buildSettings = {
				ASSETCATALOG_COMPILER_APPICON_NAME = AppIcon;
				CODE_SIGN_STYLE = Automatic;
				DEVELOPMENT_TEAM = S8F5XKTTCW;
				INFOPLIST_FILE = "Coordinator-Example/Info.plist";
				LD_RUNPATH_SEARCH_PATHS = (
					"$(inherited)",
					"@executable_path/Frameworks",
				);
				PRODUCT_BUNDLE_IDENTIFIER = "giulio92.Coordinator-Example";
				PRODUCT_NAME = "$(TARGET_NAME)";
				SWIFT_VERSION = 4.2;
				TARGETED_DEVICE_FAMILY = "1,2";
			};
			name = Release;
		};
		EFA096F121EE1A1400331C67 /* Debug */ = {
			isa = XCBuildConfiguration;
			buildSettings = {
				ALWAYS_EMBED_SWIFT_STANDARD_LIBRARIES = YES;
				BUNDLE_LOADER = "$(TEST_HOST)";
				CODE_SIGN_STYLE = Automatic;
				DEVELOPMENT_TEAM = S8F5XKTTCW;
				INFOPLIST_FILE = "Coordinator-ExampleTests/Info.plist";
				LD_RUNPATH_SEARCH_PATHS = (
					"$(inherited)",
					"@executable_path/Frameworks",
					"@loader_path/Frameworks",
				);
				PRODUCT_BUNDLE_IDENTIFIER = "giulio92.Coordinator-ExampleTests";
				PRODUCT_NAME = "$(TARGET_NAME)";
				SWIFT_VERSION = 4.2;
				TARGETED_DEVICE_FAMILY = "1,2";
				TEST_HOST = "$(BUILT_PRODUCTS_DIR)/Coordinator-Example.app/Coordinator-Example";
			};
			name = Debug;
		};
		EFA096F221EE1A1400331C67 /* Release */ = {
			isa = XCBuildConfiguration;
			buildSettings = {
				ALWAYS_EMBED_SWIFT_STANDARD_LIBRARIES = YES;
				BUNDLE_LOADER = "$(TEST_HOST)";
				CODE_SIGN_STYLE = Automatic;
				DEVELOPMENT_TEAM = S8F5XKTTCW;
				INFOPLIST_FILE = "Coordinator-ExampleTests/Info.plist";
				LD_RUNPATH_SEARCH_PATHS = (
					"$(inherited)",
					"@executable_path/Frameworks",
					"@loader_path/Frameworks",
				);
				PRODUCT_BUNDLE_IDENTIFIER = "giulio92.Coordinator-ExampleTests";
				PRODUCT_NAME = "$(TARGET_NAME)";
				SWIFT_VERSION = 4.2;
				TARGETED_DEVICE_FAMILY = "1,2";
				TEST_HOST = "$(BUILT_PRODUCTS_DIR)/Coordinator-Example.app/Coordinator-Example";
			};
			name = Release;
		};
/* End XCBuildConfiguration section */

/* Begin XCConfigurationList section */
		EFA096CB21EE1A1300331C67 /* Build configuration list for PBXProject "Coordinator-Example" */ = {
			isa = XCConfigurationList;
			buildConfigurations = (
				EFA096EB21EE1A1400331C67 /* Debug */,
				EFA096EC21EE1A1400331C67 /* Release */,
			);
			defaultConfigurationIsVisible = 0;
			defaultConfigurationName = Release;
		};
		EFA096ED21EE1A1400331C67 /* Build configuration list for PBXNativeTarget "Coordinator-Example" */ = {
			isa = XCConfigurationList;
			buildConfigurations = (
				EFA096EE21EE1A1400331C67 /* Debug */,
				EFA096EF21EE1A1400331C67 /* Release */,
			);
			defaultConfigurationIsVisible = 0;
			defaultConfigurationName = Release;
		};
		EFA096F021EE1A1400331C67 /* Build configuration list for PBXNativeTarget "Coordinator-ExampleTests" */ = {
			isa = XCConfigurationList;
			buildConfigurations = (
				EFA096F121EE1A1400331C67 /* Debug */,
				EFA096F221EE1A1400331C67 /* Release */,
			);
			defaultConfigurationIsVisible = 0;
			defaultConfigurationName = Release;
		};
/* End XCConfigurationList section */
	};
	rootObject = EFA096C821EE1A1300331C67 /* Project object */;
}
